#
# This file is autogenerated by pip-compile with Python 3.10
# by the following command:
#
#    pip-compile --no-index --output-file=/tmp/homez-lock3.RqmBuB/requirements.lock --strip-extras /tmp/homez-lock3.RqmBuB/pyproject.toml
#
alembic==1.19.1
    # via homefinder (/tmp/homez-lock3.RqmBuB/pyproject.toml)
annotated-doc==0.0.5
    # via fastapi
annotated-types==0.8.0
    # via pydantic
anyio==4.14.2
    # via starlette
cffi==2.1.1
    # via cryptography
click==8.5.0
    # via uvicorn
cryptography==50.0.0
    # via homefinder (/tmp/homez-lock3.RqmBuB/pyproject.toml)
exceptiongroup==1.3.1
    # via anyio
fastapi==0.135.3
    # via homefinder (/tmp/homez-lock3.RqmBuB/pyproject.toml)
greenlet==3.5.5
    # via sqlalchemy
h11==0.16.0
    # via uvicorn
idna==3.19
    # via anyio
jinja2==3.1.6
    # via homefinder (/tmp/homez-lock3.RqmBuB/pyproject.toml)
mako==1.4.1
    # via alembic
markupsafe==3.0.3
    # via
    #   jinja2
    #   mako
psycopg==3.3.4
    # via homefinder (/tmp/homez-lock3.RqmBuB/pyproject.toml)
psycopg-binary==3.3.4
    # via psycopg
pycparser==3.0
    # via cffi
pydantic==2.13.5
    # via
    #   fastapi
    #   pydantic-settings
pydantic-core==2.46.5
    # via pydantic
pydantic-settings==2.15.0
    # via homefinder (/tmp/homez-lock3.RqmBuB/pyproject.toml)
python-dotenv==1.2.3
    # via pydantic-settings
sqlalchemy==2.0.52
    # via
    #   alembic
    #   homefinder (/tmp/homez-lock3.RqmBuB/pyproject.toml)
starlette==1.6.0
    # via fastapi
tomli==2.4.1
    # via alembic
typing-extensions==4.16.0
    # via
    #   alembic
    #   anyio
    #   cryptography
    #   exceptiongroup
    #   fastapi
    #   psycopg
    #   pydantic
    #   pydantic-core
    #   sqlalchemy
    #   starlette
    #   typing-inspection
    #   uvicorn
typing-inspection==0.4.4
    # via
    #   fastapi
    #   pydantic
    #   pydantic-settings
uvicorn==0.52.4
    # via homefinder (/tmp/homez-lock3.RqmBuB/pyproject.toml)
